
Microsoft Visual Studio Solution File, Format Version 12.00
# Visual Studio Version 17
VisualStudioVersion = 17.1.32210.238
MinimumVisualStudioVersion = 10.0.40219.1
Project("{FAE04EC0-301F-11D3-BF4B-00C04F79EFBC}") = "Uppgift 2.12", "Uppgift 2.12\Uppgift 2.12.csproj", "{99063593-942A-4636-803F-5B435A453B31}"
EndProject
Global
	GlobalSection(SolutionConfigurationPlatforms) = preSolution
		Debug|Any CPU = Debug|Any CPU
		Release|Any CPU = Release|Any CPU
	EndGlobalSection
	GlobalSection(ProjectConfigurationPlatforms) = postSolution
		{99063593-942A-4636-803F-5B435A453B31}.Debug|Any CPU.ActiveCfg = Debug|Any CPU
		{99063593-942A-4636-803F-5B435A453B31}.Debug|Any CPU.Build.0 = Debug|Any CPU
		{99063593-942A-4636-803F-5B435A453B31}.Release|Any CPU.ActiveCfg = Release|Any CPU
		{99063593-942A-4636-803F-5B435A453B31}.Release|Any CPU.Build.0 = Release|Any CPU
	EndGlobalSection
	GlobalSection(SolutionProperties) = preSolution
		HideSolutionNode = FALSE
	EndGlobalSection
	GlobalSection(ExtensibilityGlobals) = postSolution
		SolutionGuid = {5C20DC17-ACD6-4F1B-A436-31AF33C52FDE}
	EndGlobalSection
EndGlobal
